
Microsoft Visual Studio Solution File, Format Version 12.00
# Visual Studio Version 17
VisualStudioVersion = 17.3.32929.385
MinimumVisualStudioVersion = 10.0.40219.1
Project("{FAE04EC0-301F-11D3-BF4B-00C04F79EFBC}") = "NerveEnvironmentRepoInstaller", "NerveEnvironmentRepoInstaller\NerveEnvironmentRepoInstaller.csproj", "{D3AB6971-77FB-4C4C-9267-D96E509E746D}"
EndProject
Global
	GlobalSection(SolutionConfigurationPlatforms) = preSolution
		Debug|Any CPU = Debug|Any CPU
		Release|Any CPU = Release|Any CPU
	EndGlobalSection
	GlobalSection(ProjectConfigurationPlatforms) = postSolution
		{D3AB6971-77FB-4C4C-9267-D96E509E746D}.Debug|Any CPU.ActiveCfg = Debug|Any CPU
		{D3AB6971-77FB-4C4C-9267-D96E509E746D}.Debug|Any CPU.Build.0 = Debug|Any CPU
		{D3AB6971-77FB-4C4C-9267-D96E509E746D}.Release|Any CPU.ActiveCfg = Release|Any CPU
		{D3AB6971-77FB-4C4C-9267-D96E509E746D}.Release|Any CPU.Build.0 = Release|Any CPU
	EndGlobalSection
	GlobalSection(SolutionProperties) = preSolution
		HideSolutionNode = FALSE
	EndGlobalSection
	GlobalSection(ExtensibilityGlobals) = postSolution
		SolutionGuid = {BDC59081-3563-4B59-821F-96FAEF7ACBD9}
	EndGlobalSection
EndGlobal
